
Microsoft Visual Studio Solution File, Format Version 12.00
# Visual Studio Version 17
VisualStudioVersion = 17.14.36414.22 d17.14
MinimumVisualStudioVersion = 10.0.40219.1
Project("{FAE04EC0-301F-11D3-BF4B-00C04F79EFBC}") = "AlarmAndTimer", "AlarmAndTimer\AlarmAndTimer.csproj", "{A2D643FF-2F71-42FE-95B9-0802EF80EA38}"
EndProject
Global
	GlobalSection(SolutionConfigurationPlatforms) = preSolution
		Debug|Any CPU = Debug|Any CPU
		Release|Any CPU = Release|Any CPU
	EndGlobalSection
	GlobalSection(ProjectConfigurationPlatforms) = postSolution
		{A2D643FF-2F71-42FE-95B9-0802EF80EA38}.Debug|Any CPU.ActiveCfg = Debug|Any CPU
		{A2D643FF-2F71-42FE-95B9-0802EF80EA38}.Debug|Any CPU.Build.0 = Debug|Any CPU
		{A2D643FF-2F71-42FE-95B9-0802EF80EA38}.Release|Any CPU.ActiveCfg = Release|Any CPU
		{A2D643FF-2F71-42FE-95B9-0802EF80EA38}.Release|Any CPU.Build.0 = Release|Any CPU
	EndGlobalSection
	GlobalSection(SolutionProperties) = preSolution
		HideSolutionNode = FALSE
	EndGlobalSection
	GlobalSection(ExtensibilityGlobals) = postSolution
		SolutionGuid = {6E341EC2-5187-42F8-8EEA-2F6FFDB33791}
	EndGlobalSection
EndGlobal
