
Microsoft Visual Studio Solution File, Format Version 12.00
# Visual Studio Version 17
VisualStudioVersion = 17.14.36414.22
MinimumVisualStudioVersion = 10.0.40219.1
Project("{FAE04EC0-301F-11D3-BF4B-00C04F79EFBC}") = "AlarmAndTimer", "AlarmAndTimer\AlarmAndTimer.csproj", "{3AF22AFC-D2CA-4ED9-929B-166398088E6D}"
EndProject
Global
	GlobalSection(SolutionConfigurationPlatforms) = preSolution
		Debug|Any CPU = Debug|Any CPU
		Debug|ARM = Debug|ARM
		Debug|ARM64 = Debug|ARM64
		Debug|x64 = Debug|x64
		Debug|x86 = Debug|x86
		Release|Any CPU = Release|Any CPU
		Release|ARM = Release|ARM
		Release|ARM64 = Release|ARM64
		Release|x64 = Release|x64
		Release|x86 = Release|x86
	EndGlobalSection
	GlobalSection(ProjectConfigurationPlatforms) = postSolution
		{3AF22AFC-D2CA-4ED9-929B-166398088E6D}.Debug|Any CPU.ActiveCfg = Debug|Any CPU
		{3AF22AFC-D2CA-4ED9-929B-166398088E6D}.Debug|Any CPU.Build.0 = Debug|Any CPU
		{3AF22AFC-D2CA-4ED9-929B-166398088E6D}.Debug|ARM.ActiveCfg = Debug|Any CPU
		{3AF22AFC-D2CA-4ED9-929B-166398088E6D}.Debug|ARM.Build.0 = Debug|Any CPU
		{3AF22AFC-D2CA-4ED9-929B-166398088E6D}.Debug|ARM64.ActiveCfg = Debug|Any CPU
		{3AF22AFC-D2CA-4ED9-929B-166398088E6D}.Debug|ARM64.Build.0 = Debug|Any CPU
		{3AF22AFC-D2CA-4ED9-929B-166398088E6D}.Debug|x64.ActiveCfg = Debug|Any CPU
		{3AF22AFC-D2CA-4ED9-929B-166398088E6D}.Debug|x64.Build.0 = Debug|Any CPU
		{3AF22AFC-D2CA-4ED9-929B-166398088E6D}.Debug|x86.ActiveCfg = Debug|Any CPU
		{3AF22AFC-D2CA-4ED9-929B-166398088E6D}.Debug|x86.Build.0 = Debug|Any CPU
		{3AF22AFC-D2CA-4ED9-929B-166398088E6D}.Release|Any CPU.ActiveCfg = Release|Any CPU
		{3AF22AFC-D2CA-4ED9-929B-166398088E6D}.Release|Any CPU.Build.0 = Release|Any CPU
		{3AF22AFC-D2CA-4ED9-929B-166398088E6D}.Release|ARM.ActiveCfg = Release|Any CPU
		{3AF22AFC-D2CA-4ED9-929B-166398088E6D}.Release|ARM.Build.0 = Release|Any CPU
		{3AF22AFC-D2CA-4ED9-929B-166398088E6D}.Release|ARM64.ActiveCfg = Release|Any CPU
		{3AF22AFC-D2CA-4ED9-929B-166398088E6D}.Release|ARM64.Build.0 = Release|Any CPU
		{3AF22AFC-D2CA-4ED9-929B-166398088E6D}.Release|x64.ActiveCfg = Release|Any CPU
		{3AF22AFC-D2CA-4ED9-929B-166398088E6D}.Release|x64.Build.0 = Release|Any CPU
		{3AF22AFC-D2CA-4ED9-929B-166398088E6D}.Release|x86.ActiveCfg = Release|Any CPU
		{3AF22AFC-D2CA-4ED9-929B-166398088E6D}.Release|x86.Build.0 = Release|Any CPU
	EndGlobalSection
	GlobalSection(SolutionProperties) = preSolution
		HideSolutionNode = FALSE
	EndGlobalSection
	GlobalSection(ExtensibilityGlobals) = postSolution
		SolutionGuid = {50CC44C7-338C-4A93-AD57-10E1887F2ED2}
	EndGlobalSection
EndGlobal
